{
    "name": "st-engine-build",
    "lockfileVersion": 3,
    "requires": true,
    "packages": {
        "": {
            "name": "st-engine-build",
            "devDependencies": {
                "emnapi": "2.0.0-alpha.5"
            }
        },
        "node_modules/emnapi": {
            "version": "2.0.0-alpha.5",
            "resolved": "https://registry.npmjs.org/emnapi/-/emnapi-2.0.0-alpha.5.tgz",
            "integrity": "sha512-E8LRA0oYT1KKPLMLtwWF1BNrXSpNNnOBlu1PU4m5wmBh8cNvrhm28UreTvfwJ2gg60ruyfylk4uCaJUXVhvSSg==",
            "dev": true,
            "license": "MIT",
            "peerDependencies": {
                "node-addon-api": ">= 6.1.0"
            },
            "peerDependenciesMeta": {
                "node-addon-api": {
                    "optional": true
                }
            }
        }
    }
}
